
Microsoft Visual Studio Solution File, Format Version 12.00
# Visual Studio Version 16
VisualStudioVersion = 16.0.31424.327
MinimumVisualStudioVersion = 10.0.40219.1
Project("{8BC9CEB8-8B4A-11D0-8D11-00A0C91BC942}") = "Controller", "..\Controller\msbuild\Controller.vcxproj", "{55BDF39E-B9B0-4AF3-9E79-A7ADC241B0F0}"
EndProject
Project("{8BC9CEB8-8B4A-11D0-8D11-00A0C91BC942}") = "SystemBus", "..\SystemBus\msbuild\SystemBus.vcxitems", "{D271A15F-439B-47A0-887F-0902C380C8C6}"
EndProject
Project("{8BC9CEB8-8B4A-11D0-8D11-00A0C91BC942}") = "Base", "..\Base\msbuild\Base.vcxitems", "{AF7292F4-0A72-4E66-8A43-BBA34C79F11D}"
EndProject
Project("{8BC9CEB8-8B4A-11D0-8D11-00A0C91BC942}") = "CpuClock", "..\CpuClock\msbuild\CpuClock.vcxproj", "{15242C0B-EF0F-40E1-A37A-73FAEA3C03A6}"
EndProject
Project("{8BC9CEB8-8B4A-11D0-8D11-00A0C91BC942}") = "Cpu", "..\Cpu\msbuild\Cpu.vcxproj", "{D8F14D15-1125-4F9C-8244-08328F6F36DF}"
EndProject
Project("{2150E333-8FDC-42A3-9474-1A3956D46DE8}") = "Tests", "Tests", "{3AE4D1BB-77DF-4283-A0A0-2CD3B7AB9414}"
EndProject
Project("{8BC9CEB8-8B4A-11D0-8D11-00A0C91BC942}") = "SystemBusTest", "..\Tests\SystemBusTest\msbuild\SystemBusTest.vcxproj", "{D7003525-DA2E-4F76-B9EE-F3E99DB5F017}"
EndProject
Project("{8BC9CEB8-8B4A-11D0-8D11-00A0C91BC942}") = "CpuClockTest", "..\Tests\CpuClockTest\msbuild\CpuClockTest.vcxproj", "{6138D9D4-580D-49C4-8631-FC804ECA54EF}"
EndProject
Project("{8BC9CEB8-8B4A-11D0-8D11-00A0C91BC942}") = "ControllerTest", "..\Tests\ControllerTest\msbuild\ControllerTest.vcxproj", "{0F22E601-A929-46A6-96B8-F58F6274FB25}"
EndProject
Project("{8BC9CEB8-8B4A-11D0-8D11-00A0C91BC942}") = "8080Test", "..\Tests\8080Test\msbuild\8080Test.vcxproj", "{807BE4BA-0EF8-4A98-B6C3-4E49FC015340}"
EndProject
Project("{2150E333-8FDC-42A3-9474-1A3956D46DE8}") = "Docs", "Docs", "{1D84FBE6-C35C-49EF-AC91-F303F36B7145}"
	ProjectSection(SolutionItems) = preProject
		..\Docs\Changelog.txt = ..\Docs\Changelog.txt
	EndProjectSection
EndProject
Project("{8BC9CEB8-8B4A-11D0-8D11-00A0C91BC942}") = "Machine", "..\Machine\msbuild\Machine.vcxproj", "{EFEB9B21-CAE2-4DFA-9FD7-DD9224EFD79F}"
EndProject
Project("{8BC9CEB8-8B4A-11D0-8D11-00A0C91BC942}") = "MachineTest", "..\Tests\MachineTest\msbuild\MachineTest.vcxproj", "{AD4CAD2E-E02F-4BAB-8AFA-28F4673A612C}"
EndProject
Project("{8BC9CEB8-8B4A-11D0-8D11-00A0C91BC942}") = "Sdk", "..\Sdk\msbuild\Sdk.vcxproj", "{035797D7-64BB-46C3-AE22-EBDB42433795}"
EndProject
Project("{8BC9CEB8-8B4A-11D0-8D11-00A0C91BC942}") = "SpaceInvaders", "..\SpaceInvaders\msbuild\SpaceInvaders.vcxproj", "{13F2672F-8511-4505-B155-5BCD7FCC3400}"
EndProject
Global
	GlobalSection(SharedMSBuildProjectFiles) = preSolution
		..\SystemBus\msbuild\SystemBus.vcxitems*{15242c0b-ef0f-40e1-a37a-73faea3c03a6}*SharedItemsImports = 4
		..\Base\msbuild\Base.vcxitems*{55bdf39e-b9b0-4af3-9e79-a7adc241b0f0}*SharedItemsImports = 4
		..\SystemBus\msbuild\SystemBus.vcxitems*{55bdf39e-b9b0-4af3-9e79-a7adc241b0f0}*SharedItemsImports = 4
		..\Base\msbuild\Base.vcxitems*{af7292f4-0a72-4e66-8a43-bba34c79f11d}*SharedItemsImports = 9
		..\SystemBus\msbuild\SystemBus.vcxitems*{d271a15f-439b-47a0-887f-0902c380c8c6}*SharedItemsImports = 9
		..\SystemBus\msbuild\SystemBus.vcxitems*{d7003525-da2e-4f76-b9ee-f3e99db5f017}*SharedItemsImports = 4
		..\Base\msbuild\Base.vcxitems*{d8f14d15-1125-4f9c-8244-08328f6f36df}*SharedItemsImports = 4
		..\SystemBus\msbuild\SystemBus.vcxitems*{d8f14d15-1125-4f9c-8244-08328f6f36df}*SharedItemsImports = 4
		..\SystemBus\msbuild\SystemBus.vcxitems*{efeb9b21-cae2-4dfa-9fd7-dd9224efd79f}*SharedItemsImports = 4
	EndGlobalSection
	GlobalSection(SolutionConfigurationPlatforms) = preSolution
		Debug|x64 = Debug|x64
		Debug|x86 = Debug|x86
		Release|x64 = Release|x64
		Release|x86 = Release|x86
	EndGlobalSection
	GlobalSection(ProjectConfigurationPlatforms) = postSolution
		{55BDF39E-B9B0-4AF3-9E79-A7ADC241B0F0}.Debug|x64.ActiveCfg = Debug|x64
		{55BDF39E-B9B0-4AF3-9E79-A7ADC241B0F0}.Debug|x64.Build.0 = Debug|x64
		{55BDF39E-B9B0-4AF3-9E79-A7ADC241B0F0}.Debug|x86.ActiveCfg = Debug|Win32
		{55BDF39E-B9B0-4AF3-9E79-A7ADC241B0F0}.Debug|x86.Build.0 = Debug|Win32
		{55BDF39E-B9B0-4AF3-9E79-A7ADC241B0F0}.Release|x64.ActiveCfg = Release|x64
		{55BDF39E-B9B0-4AF3-9E79-A7ADC241B0F0}.Release|x64.Build.0 = Release|x64
		{55BDF39E-B9B0-4AF3-9E79-A7ADC241B0F0}.Release|x86.ActiveCfg = Release|Win32
		{55BDF39E-B9B0-4AF3-9E79-A7ADC241B0F0}.Release|x86.Build.0 = Release|Win32
		{15242C0B-EF0F-40E1-A37A-73FAEA3C03A6}.Debug|x64.ActiveCfg = Debug|x64
		{15242C0B-EF0F-40E1-A37A-73FAEA3C03A6}.Debug|x64.Build.0 = Debug|x64
		{15242C0B-EF0F-40E1-A37A-73FAEA3C03A6}.Debug|x86.ActiveCfg = Debug|Win32
		{15242C0B-EF0F-40E1-A37A-73FAEA3C03A6}.Debug|x86.Build.0 = Debug|Win32
		{15242C0B-EF0F-40E1-A37A-73FAEA3C03A6}.Release|x64.ActiveCfg = Release|x64
		{15242C0B-EF0F-40E1-A37A-73FAEA3C03A6}.Release|x64.Build.0 = Release|x64
		{15242C0B-EF0F-40E1-A37A-73FAEA3C03A6}.Release|x86.ActiveCfg = Release|Win32
		{15242C0B-EF0F-40E1-A37A-73FAEA3C03A6}.Release|x86.Build.0 = Release|Win32
		{D8F14D15-1125-4F9C-8244-08328F6F36DF}.Debug|x64.ActiveCfg = Debug|x64
		{D8F14D15-1125-4F9C-8244-08328F6F36DF}.Debug|x64.Build.0 = Debug|x64
		{D8F14D15-1125-4F9C-8244-08328F6F36DF}.Debug|x86.ActiveCfg = Debug|Win32
		{D8F14D15-1125-4F9C-8244-08328F6F36DF}.Debug|x86.Build.0 = Debug|Win32
		{D8F14D15-1125-4F9C-8244-08328F6F36DF}.Release|x64.ActiveCfg = Release|x64
		{D8F14D15-1125-4F9C-8244-08328F6F36DF}.Release|x64.Build.0 = Release|x64
		{D8F14D15-1125-4F9C-8244-08328F6F36DF}.Release|x86.ActiveCfg = Release|Win32
		{D8F14D15-1125-4F9C-8244-08328F6F36DF}.Release|x86.Build.0 = Release|Win32
		{D7003525-DA2E-4F76-B9EE-F3E99DB5F017}.Debug|x64.ActiveCfg = Debug|x64
		{D7003525-DA2E-4F76-B9EE-F3E99DB5F017}.Debug|x64.Build.0 = Debug|x64
		{D7003525-DA2E-4F76-B9EE-F3E99DB5F017}.Debug|x86.ActiveCfg = Debug|Win32
		{D7003525-DA2E-4F76-B9EE-F3E99DB5F017}.Debug|x86.Build.0 = Debug|Win32
		{D7003525-DA2E-4F76-B9EE-F3E99DB5F017}.Release|x64.ActiveCfg = Release|x64
		{D7003525-DA2E-4F76-B9EE-F3E99DB5F017}.Release|x64.Build.0 = Release|x64
		{D7003525-DA2E-4F76-B9EE-F3E99DB5F017}.Release|x86.ActiveCfg = Release|Win32
		{D7003525-DA2E-4F76-B9EE-F3E99DB5F017}.Release|x86.Build.0 = Release|Win32
		{6138D9D4-580D-49C4-8631-FC804ECA54EF}.Debug|x64.ActiveCfg = Debug|x64
		{6138D9D4-580D-49C4-8631-FC804ECA54EF}.Debug|x64.Build.0 = Debug|x64
		{6138D9D4-580D-49C4-8631-FC804ECA54EF}.Debug|x86.ActiveCfg = Debug|Win32
		{6138D9D4-580D-49C4-8631-FC804ECA54EF}.Debug|x86.Build.0 = Debug|Win32
		{6138D9D4-580D-49C4-8631-FC804ECA54EF}.Release|x64.ActiveCfg = Release|x64
		{6138D9D4-580D-49C4-8631-FC804ECA54EF}.Release|x64.Build.0 = Release|x64
		{6138D9D4-580D-49C4-8631-FC804ECA54EF}.Release|x86.ActiveCfg = Release|Win32
		{6138D9D4-580D-49C4-8631-FC804ECA54EF}.Release|x86.Build.0 = Release|Win32
		{0F22E601-A929-46A6-96B8-F58F6274FB25}.Debug|x64.ActiveCfg = Debug|x64
		{0F22E601-A929-46A6-96B8-F58F6274FB25}.Debug|x64.Build.0 = Debug|x64
		{0F22E601-A929-46A6-96B8-F58F6274FB25}.Debug|x86.ActiveCfg = Debug|Win32
		{0F22E601-A929-46A6-96B8-F58F6274FB25}.Debug|x86.Build.0 = Debug|Win32
		{0F22E601-A929-46A6-96B8-F58F6274FB25}.Release|x64.ActiveCfg = Release|x64
		{0F22E601-A929-46A6-96B8-F58F6274FB25}.Release|x64.Build.0 = Release|x64
		{0F22E601-A929-46A6-96B8-F58F6274FB25}.Release|x86.ActiveCfg = Release|Win32
		{0F22E601-A929-46A6-96B8-F58F6274FB25}.Release|x86.Build.0 = Release|Win32
		{807BE4BA-0EF8-4A98-B6C3-4E49FC015340}.Debug|x64.ActiveCfg = Debug|x64
		{807BE4BA-0EF8-4A98-B6C3-4E49FC015340}.Debug|x64.Build.0 = Debug|x64
		{807BE4BA-0EF8-4A98-B6C3-4E49FC015340}.Debug|x86.ActiveCfg = Debug|Win32
		{807BE4BA-0EF8-4A98-B6C3-4E49FC015340}.Debug|x86.Build.0 = Debug|Win32
		{807BE4BA-0EF8-4A98-B6C3-4E49FC015340}.Release|x64.ActiveCfg = Release|x64
		{807BE4BA-0EF8-4A98-B6C3-4E49FC015340}.Release|x64.Build.0 = Release|x64
		{807BE4BA-0EF8-4A98-B6C3-4E49FC015340}.Release|x86.ActiveCfg = Release|Win32
		{807BE4BA-0EF8-4A98-B6C3-4E49FC015340}.Release|x86.Build.0 = Release|Win32
		{EFEB9B21-CAE2-4DFA-9FD7-DD9224EFD79F}.Debug|x64.ActiveCfg = Debug|x64
		{EFEB9B21-CAE2-4DFA-9FD7-DD9224EFD79F}.Debug|x64.Build.0 = Debug|x64
		{EFEB9B21-CAE2-4DFA-9FD7-DD9224EFD79F}.Debug|x86.ActiveCfg = Debug|Win32
		{EFEB9B21-CAE2-4DFA-9FD7-DD9224EFD79F}.Debug|x86.Build.0 = Debug|Win32
		{EFEB9B21-CAE2-4DFA-9FD7-DD9224EFD79F}.Release|x64.ActiveCfg = Release|x64
		{EFEB9B21-CAE2-4DFA-9FD7-DD9224EFD79F}.Release|x64.Build.0 = Release|x64
		{EFEB9B21-CAE2-4DFA-9FD7-DD9224EFD79F}.Release|x86.ActiveCfg = Release|Win32
		{EFEB9B21-CAE2-4DFA-9FD7-DD9224EFD79F}.Release|x86.Build.0 = Release|Win32
		{AD4CAD2E-E02F-4BAB-8AFA-28F4673A612C}.Debug|x64.ActiveCfg = Debug|x64
		{AD4CAD2E-E02F-4BAB-8AFA-28F4673A612C}.Debug|x64.Build.0 = Debug|x64
		{AD4CAD2E-E02F-4BAB-8AFA-28F4673A612C}.Debug|x86.ActiveCfg = Debug|Win32
		{AD4CAD2E-E02F-4BAB-8AFA-28F4673A612C}.Debug|x86.Build.0 = Debug|Win32
		{AD4CAD2E-E02F-4BAB-8AFA-28F4673A612C}.Release|x64.ActiveCfg = Release|x64
		{AD4CAD2E-E02F-4BAB-8AFA-28F4673A612C}.Release|x64.Build.0 = Release|x64
		{AD4CAD2E-E02F-4BAB-8AFA-28F4673A612C}.Release|x86.ActiveCfg = Release|Win32
		{AD4CAD2E-E02F-4BAB-8AFA-28F4673A612C}.Release|x86.Build.0 = Release|Win32
		{035797D7-64BB-46C3-AE22-EBDB42433795}.Debug|x64.ActiveCfg = Debug|x64
		{035797D7-64BB-46C3-AE22-EBDB42433795}.Debug|x64.Build.0 = Debug|x64
		{035797D7-64BB-46C3-AE22-EBDB42433795}.Debug|x86.ActiveCfg = Debug|Win32
		{035797D7-64BB-46C3-AE22-EBDB42433795}.Debug|x86.Build.0 = Debug|Win32
		{035797D7-64BB-46C3-AE22-EBDB42433795}.Release|x64.ActiveCfg = Release|x64
		{035797D7-64BB-46C3-AE22-EBDB42433795}.Release|x64.Build.0 = Release|x64
		{035797D7-64BB-46C3-AE22-EBDB42433795}.Release|x86.ActiveCfg = Release|Win32
		{035797D7-64BB-46C3-AE22-EBDB42433795}.Release|x86.Build.0 = Release|Win32
		{13F2672F-8511-4505-B155-5BCD7FCC3400}.Debug|x64.ActiveCfg = Debug|x64
		{13F2672F-8511-4505-B155-5BCD7FCC3400}.Debug|x64.Build.0 = Debug|x64
		{13F2672F-8511-4505-B155-5BCD7FCC3400}.Debug|x86.ActiveCfg = Debug|Win32
		{13F2672F-8511-4505-B155-5BCD7FCC3400}.Debug|x86.Build.0 = Debug|Win32
		{13F2672F-8511-4505-B155-5BCD7FCC3400}.Release|x64.ActiveCfg = Release|x64
		{13F2672F-8511-4505-B155-5BCD7FCC3400}.Release|x64.Build.0 = Release|x64
		{13F2672F-8511-4505-B155-5BCD7FCC3400}.Release|x86.ActiveCfg = Release|Win32
		{13F2672F-8511-4505-B155-5BCD7FCC3400}.Release|x86.Build.0 = Release|Win32
	EndGlobalSection
	GlobalSection(SolutionProperties) = preSolution
		HideSolutionNode = FALSE
	EndGlobalSection
	GlobalSection(NestedProjects) = preSolution
		{D7003525-DA2E-4F76-B9EE-F3E99DB5F017} = {3AE4D1BB-77DF-4283-A0A0-2CD3B7AB9414}
		{6138D9D4-580D-49C4-8631-FC804ECA54EF} = {3AE4D1BB-77DF-4283-A0A0-2CD3B7AB9414}
		{0F22E601-A929-46A6-96B8-F58F6274FB25} = {3AE4D1BB-77DF-4283-A0A0-2CD3B7AB9414}
		{807BE4BA-0EF8-4A98-B6C3-4E49FC015340} = {3AE4D1BB-77DF-4283-A0A0-2CD3B7AB9414}
		{AD4CAD2E-E02F-4BAB-8AFA-28F4673A612C} = {3AE4D1BB-77DF-4283-A0A0-2CD3B7AB9414}
	EndGlobalSection
	GlobalSection(ExtensibilityGlobals) = postSolution
		SolutionGuid = {2AF8BA78-A80B-404D-9672-672ECE115CE8}
	EndGlobalSection
EndGlobal
